
Microsoft Visual Studio Solution File, Format Version 12.00
# Visual Studio Version 17
VisualStudioVersion = 17.0.32112.339
MinimumVisualStudioVersion = 10.0.40219.1
Project("{FAE04EC0-301F-11D3-BF4B-00C04F79EFBC}") = "EmailConsoleTester", "EmailConsoleTester\EmailConsoleTester.csproj", "{94FC1C86-CDBC-4561-8CB6-A4BEB4A9CE95}"
EndProject
Global
	GlobalSection(SolutionConfigurationPlatforms) = preSolution
		Debug|Any CPU = Debug|Any CPU
		Release|Any CPU = Release|Any CPU
	EndGlobalSection
	GlobalSection(ProjectConfigurationPlatforms) = postSolution
		{94FC1C86-CDBC-4561-8CB6-A4BEB4A9CE95}.Debug|Any CPU.ActiveCfg = Debug|Any CPU
		{94FC1C86-CDBC-4561-8CB6-A4BEB4A9CE95}.Debug|Any CPU.Build.0 = Debug|Any CPU
		{94FC1C86-CDBC-4561-8CB6-A4BEB4A9CE95}.Release|Any CPU.ActiveCfg = Release|Any CPU
		{94FC1C86-CDBC-4561-8CB6-A4BEB4A9CE95}.Release|Any CPU.Build.0 = Release|Any CPU
	EndGlobalSection
	GlobalSection(SolutionProperties) = preSolution
		HideSolutionNode = FALSE
	EndGlobalSection
	GlobalSection(ExtensibilityGlobals) = postSolution
		SolutionGuid = {6E647EEF-B6E7-4FB9-9E77-C880EAD2FE83}
	EndGlobalSection
EndGlobal
